# THIS IS AN AUTOGENERATED FILE. DO NOT EDIT THIS FILE DIRECTLY.
# yarn lockfile v1


"@babel/parser@^7.16.4":
  "integrity" "sha512-TYk3OA0HKL6qNryUayb5UUEhM/rkOQozIBEA5ITXh5DWrSp0TlUQXMyZmnWxG/DizSWBeeQ0Zbc5z8UGaaqoeg=="
  "resolved" "https://registry.npmmirror.com/@babel/parser/-/parser-7.18.10.tgz"
  "version" "7.18.10"

"@better-scroll/core@^2.4.2":
  "integrity" "sha512-IqVZLnh04YpaEAy9wJDxtFK/stxVQjB9A9Wcr3Uwkj7Av1TtFpin+t/TObl53diNDG5ZJ+vck/OAthphpuugLA=="
  "resolved" "https://registry.npmmirror.com/@better-scroll/core/-/core-2.4.2.tgz"
  "version" "2.4.2"
  dependencies:
    "@better-scroll/shared-utils" "^2.4.2"

"@better-scroll/observe-dom@^2.4.2":
  "integrity" "sha512-eeS77CZs+V72dkya10e5ptndBAbhQVcXoYGvfoIihOJgCPqO5MdYTpzRmlbshYCEE5juUMLe82Kx8FSbOejpAw=="
  "resolved" "https://registry.npmmirror.com/@better-scroll/observe-dom/-/observe-dom-2.4.2.tgz"
  "version" "2.4.2"
  dependencies:
    "@better-scroll/core" "^2.4.2"

"@better-scroll/shared-utils@^2.4.2":
  "integrity" "sha512-Gy/Jfbpu+hq0u+PcjkTqyXGqAf+0dexTzEZ5IDXEVwJVLmd3cx8A73oTcAZ8QZgk4wSHvlMjXecSaptkhnNPEw=="
  "resolved" "https://registry.npmmirror.com/@better-scroll/shared-utils/-/shared-utils-2.4.2.tgz"
  "version" "2.4.2"

"@better-scroll/slide@^2.4.2":
  "integrity" "sha512-VfdFHm/meo4nEyfx0JLn8rUHfQdQCnoBHs/BsV+vmjVivKg+cVgfS+QaytrIulWKqNAWNlfXbAaNtZMv8gNKZg=="
  "resolved" "https://registry.npmmirror.com/@better-scroll/slide/-/slide-2.4.2.tgz"
  "version" "2.4.2"
  dependencies:
    "@better-scroll/core" "^2.4.2"

"@types/create-keyframe-animation@^0.1.0":
  "integrity" "sha512-ZMlA+Fwcmnb7v7qT7OrqW8txby72vSLCP/JlLesa6H5b4J9RcvlCWPRaIvta4XGBKWYgGXp9I0RMk9nBwP06Rg=="
  "resolved" "https://registry.npmmirror.com/@types/create-keyframe-animation/-/create-keyframe-animation-0.1.0.tgz"
  "version" "0.1.0"

"@types/lyric-parser@^1.0.2":
  "integrity" "sha512-DuAhlOymYhNDFU6qxhIxxcmOZC72fMDfu0n9nEm8fBaHY2a2n7VypjI0KrT9WB/ip5rlTMI2e7MI5yablLnAxQ=="
  "resolved" "https://registry.npmmirror.com/@types/lyric-parser/-/lyric-parser-1.0.2.tgz"
  "version" "1.0.2"

"@types/node@^18.6.3":
  "integrity" "sha512-6qKpDtoaYLM+5+AFChLhHermMQxc3TOEFIDzrZLPRGHPrLEwqFkkT5Kx3ju05g6X7uDPazz3jHbKPX0KzCjntg=="
  "resolved" "https://registry.npmmirror.com/@types/node/-/node-18.6.3.tgz"
  "version" "18.6.3"

"@types/throttle-debounce@^5.0.0":
  "integrity" "sha512-Pb7k35iCGFcGPECoNE4DYp3Oyf2xcTd3FbFQxXUI9hEYKUl6YX+KLf7HrBmgVcD05nl50LIH6i+80js4iYmWbw=="
  "resolved" "https://registry.npmmirror.com/@types/throttle-debounce/-/throttle-debounce-5.0.0.tgz"
  "version" "5.0.0"

"@vitejs/plugin-vue@^3.0.0":
  "integrity" "sha512-Ll9JgxG7ONIz/XZv3dssfoMUDu9qAnlJ+km+pBA0teYSXzwPCIzS/e1bmwNYl5dcQGs677D21amgfYAnzMl17A=="
  "resolved" "https://registry.npmmirror.com/@vitejs/plugin-vue/-/plugin-vue-3.0.1.tgz"
  "version" "3.0.1"

"@volar/code-gen@0.38.9":
  "integrity" "sha512-n6LClucfA+37rQeskvh9vDoZV1VvCVNy++MAPKj2dT4FT+Fbmty/SDQqnsEBtdEe6E3OQctFvA/IcKsx3Mns0A=="
  "resolved" "https://registry.npmmirror.com/@volar/code-gen/-/code-gen-0.38.9.tgz"
  "version" "0.38.9"
  dependencies:
    "@volar/source-map" "0.38.9"

"@volar/source-map@0.38.9":
  "integrity" "sha512-ba0UFoHDYry+vwKdgkWJ6xlQT+8TFtZg1zj9tSjj4PykW1JZDuM0xplMotLun4h3YOoYfY9K1huY5gvxmrNLIw=="
  "resolved" "https://registry.npmmirror.com/@volar/source-map/-/source-map-0.38.9.tgz"
  "version" "0.38.9"

"@volar/vue-code-gen@0.38.9":
  "integrity" "sha512-tzj7AoarFBKl7e41MR006ncrEmNPHALuk8aG4WdDIaG387X5//5KhWC5Ff3ZfB2InGSeNT+CVUd74M0gS20rjA=="
  "resolved" "https://registry.npmmirror.com/@volar/vue-code-gen/-/vue-code-gen-0.38.9.tgz"
  "version" "0.38.9"
  dependencies:
    "@volar/code-gen" "0.38.9"
    "@volar/source-map" "0.38.9"
    "@vue/compiler-core" "^3.2.37"
    "@vue/compiler-dom" "^3.2.37"
    "@vue/shared" "^3.2.37"

"@volar/vue-typescript@0.38.9":
  "integrity" "sha512-iJMQGU91ADi98u8V1vXd2UBmELDAaeSP0ZJaFjwosClQdKlJQYc6MlxxKfXBZisHqfbhdtrGRyaryulnYtliZw=="
  "resolved" "https://registry.npmmirror.com/@volar/vue-typescript/-/vue-typescript-0.38.9.tgz"
  "version" "0.38.9"
  dependencies:
    "@volar/code-gen" "0.38.9"
    "@volar/source-map" "0.38.9"
    "@volar/vue-code-gen" "0.38.9"
    "@vue/compiler-sfc" "^3.2.37"
    "@vue/reactivity" "^3.2.37"

"@vue/compiler-core@^3.2.37", "@vue/compiler-core@3.2.37":
  "integrity" "sha512-81KhEjo7YAOh0vQJoSmAD68wLfYqJvoiD4ulyedzF+OEk/bk6/hx3fTNVfuzugIIaTrOx4PGx6pAiBRe5e9Zmg=="
  "resolved" "https://registry.npmmirror.com/@vue/compiler-core/-/compiler-core-3.2.37.tgz"
  "version" "3.2.37"
  dependencies:
    "@babel/parser" "^7.16.4"
    "@vue/shared" "3.2.37"
    "estree-walker" "^2.0.2"
    "source-map" "^0.6.1"

"@vue/compiler-dom@^3.2.37", "@vue/compiler-dom@3.2.37":
  "integrity" "sha512-yxJLH167fucHKxaqXpYk7x8z7mMEnXOw3G2q62FTkmsvNxu4FQSu5+3UMb+L7fjKa26DEzhrmCxAgFLLIzVfqQ=="
  "resolved" "https://registry.npmmirror.com/@vue/compiler-dom/-/compiler-dom-3.2.37.tgz"
  "version" "3.2.37"
  dependencies:
    "@vue/compiler-core" "3.2.37"
    "@vue/shared" "3.2.37"

"@vue/compiler-sfc@^3.2.29", "@vue/compiler-sfc@^3.2.37", "@vue/compiler-sfc@3.2.37":
  "integrity" "sha512-+7i/2+9LYlpqDv+KTtWhOZH+pa8/HnX/905MdVmAcI/mPQOBwkHHIzrsEsucyOIZQYMkXUiTkmZq5am/NyXKkg=="
  "resolved" "https://registry.npmmirror.com/@vue/compiler-sfc/-/compiler-sfc-3.2.37.tgz"
  "version" "3.2.37"
  dependencies:
    "@babel/parser" "^7.16.4"
    "@vue/compiler-core" "3.2.37"
    "@vue/compiler-dom" "3.2.37"
    "@vue/compiler-ssr" "3.2.37"
    "@vue/reactivity-transform" "3.2.37"
    "@vue/shared" "3.2.37"
    "estree-walker" "^2.0.2"
    "magic-string" "^0.25.7"
    "postcss" "^8.1.10"
    "source-map" "^0.6.1"

"@vue/compiler-ssr@3.2.37":
  "integrity" "sha512-7mQJD7HdXxQjktmsWp/J67lThEIcxLemz1Vb5I6rYJHR5vI+lON3nPGOH3ubmbvYGt8xEUaAr1j7/tIFWiEOqw=="
  "resolved" "https://registry.npmmirror.com/@vue/compiler-ssr/-/compiler-ssr-3.2.37.tgz"
  "version" "3.2.37"
  dependencies:
    "@vue/compiler-dom" "3.2.37"
    "@vue/shared" "3.2.37"

"@vue/devtools-api@^6.1.4", "@vue/devtools-api@^6.2.1":
  "integrity" "sha512-OEgAMeQXvCoJ+1x8WyQuVZzFo0wcyCmUR3baRVLmKBo1LmYZWMlRiXlux5jd0fqVJu6PfDbOrZItVqUEzLobeQ=="
  "resolved" "https://registry.npmmirror.com/@vue/devtools-api/-/devtools-api-6.2.1.tgz"
  "version" "6.2.1"

"@vue/reactivity-transform@3.2.37":
  "integrity" "sha512-IWopkKEb+8qpu/1eMKVeXrK0NLw9HicGviJzhJDEyfxTR9e1WtpnnbYkJWurX6WwoFP0sz10xQg8yL8lgskAZg=="
  "resolved" "https://registry.npmmirror.com/@vue/reactivity-transform/-/reactivity-transform-3.2.37.tgz"
  "version" "3.2.37"
  dependencies:
    "@babel/parser" "^7.16.4"
    "@vue/compiler-core" "3.2.37"
    "@vue/shared" "3.2.37"
    "estree-walker" "^2.0.2"
    "magic-string" "^0.25.7"

"@vue/reactivity@^3.2.37", "@vue/reactivity@3.2.37":
  "integrity" "sha512-/7WRafBOshOc6m3F7plwzPeCu/RCVv9uMpOwa/5PiY1Zz+WLVRWiy0MYKwmg19KBdGtFWsmZ4cD+LOdVPcs52A=="
  "resolved" "https://registry.npmmirror.com/@vue/reactivity/-/reactivity-3.2.37.tgz"
  "version" "3.2.37"
  dependencies:
    "@vue/shared" "3.2.37"

"@vue/runtime-core@3.2.37":
  "integrity" "sha512-JPcd9kFyEdXLl/i0ClS7lwgcs0QpUAWj+SKX2ZC3ANKi1U4DOtiEr6cRqFXsPwY5u1L9fAjkinIdB8Rz3FoYNQ=="
  "resolved" "https://registry.npmmirror.com/@vue/runtime-core/-/runtime-core-3.2.37.tgz"
  "version" "3.2.37"
  dependencies:
    "@vue/reactivity" "3.2.37"
    "@vue/shared" "3.2.37"

"@vue/runtime-dom@3.2.37":
  "integrity" "sha512-HimKdh9BepShW6YozwRKAYjYQWg9mQn63RGEiSswMbW+ssIht1MILYlVGkAGGQbkhSh31PCdoUcfiu4apXJoPw=="
  "resolved" "https://registry.npmmirror.com/@vue/runtime-dom/-/runtime-dom-3.2.37.tgz"
  "version" "3.2.37"
  dependencies:
    "@vue/runtime-core" "3.2.37"
    "@vue/shared" "3.2.37"
    "csstype" "^2.6.8"

"@vue/server-renderer@3.2.37":
  "integrity" "sha512-kLITEJvaYgZQ2h47hIzPh2K3jG8c1zCVbp/o/bzQOyvzaKiCquKS7AaioPI28GNxIsE/zSx+EwWYsNxDCX95MA=="
  "resolved" "https://registry.npmmirror.com/@vue/server-renderer/-/server-renderer-3.2.37.tgz"
  "version" "3.2.37"
  dependencies:
    "@vue/compiler-ssr" "3.2.37"
    "@vue/shared" "3.2.37"

"@vue/shared@^3.2.37", "@vue/shared@3.2.37":
  "integrity" "sha512-4rSJemR2NQIo9Klm1vabqWjD8rs/ZaJSzMxkMNeJS6lHiUjjUeYFbooN19NgFjztubEKh3WlZUeOLVdbbUWHsw=="
  "resolved" "https://registry.npmmirror.com/@vue/shared/-/shared-3.2.37.tgz"
  "version" "3.2.37"

"anymatch@~3.1.2":
  "integrity" "sha512-P43ePfOAIupkguHUycrc4qJ9kz8ZiuOUijaETwX7THt0Y/GNK7v0aa8rY816xWjZ7rJdA5XdMcpVFTKMq+RvWg=="
  "resolved" "https://registry.npmmirror.com/anymatch/-/anymatch-3.1.2.tgz"
  "version" "3.1.2"
  dependencies:
    "normalize-path" "^3.0.0"
    "picomatch" "^2.0.4"

"asynckit@^0.4.0":
  "integrity" "sha512-Oei9OH4tRh0YqU3GxhX79dM/mwVgvbZJaSNaRk+bshkj0S5cfHcgYakreBjrHwatXKbz+IoIdYLxrKim2MjW0Q=="
  "resolved" "https://registry.npmmirror.com/asynckit/-/asynckit-0.4.0.tgz"
  "version" "0.4.0"

"axios@^0.27.2":
  "integrity" "sha512-t+yRIyySRTp/wua5xEr+z1q60QmLq8ABsS5O9Me1AsE5dfKqgnCFzwiCZZ/cGNd1lq4/7akDWMxdhVlucjmnOQ=="
  "resolved" "https://registry.npmmirror.com/axios/-/axios-0.27.2.tgz"
  "version" "0.27.2"
  dependencies:
    "follow-redirects" "^1.14.9"
    "form-data" "^4.0.0"

"binary-extensions@^2.0.0":
  "integrity" "sha512-jDctJ/IVQbZoJykoeHbhXpOlNBqGNcwXJKJog42E5HDPUwQTSdjCHdihjj0DlnheQ7blbT6dHOafNAiS8ooQKA=="
  "resolved" "https://registry.npmmirror.com/binary-extensions/-/binary-extensions-2.2.0.tgz"
  "version" "2.2.0"

"braces@~3.0.2":
  "integrity" "sha512-b8um+L1RzM3WDSzvhm6gIz1yfTbBt6YTlcEKAvsmqCZZFw46z626lVj9j1yEPW33H5H+lBQpZMP1k8l+78Ha0A=="
  "resolved" "https://registry.npmmirror.com/braces/-/braces-3.0.2.tgz"
  "version" "3.0.2"
  dependencies:
    "fill-range" "^7.0.1"

"chokidar@>=3.0.0 <4.0.0":
  "integrity" "sha512-Dr3sfKRP6oTcjf2JmUmFJfeVMvXBdegxB0iVQ5eb2V10uFJUCAS8OByZdVAyVb8xXNz3GjjTgj9kLWsZTqE6kw=="
  "resolved" "https://registry.npmmirror.com/chokidar/-/chokidar-3.5.3.tgz"
  "version" "3.5.3"
  dependencies:
    "anymatch" "~3.1.2"
    "braces" "~3.0.2"
    "glob-parent" "~5.1.2"
    "is-binary-path" "~2.1.0"
    "is-glob" "~4.0.1"
    "normalize-path" "~3.0.0"
    "readdirp" "~3.6.0"
  optionalDependencies:
    "fsevents" "~2.3.2"

"combined-stream@^1.0.8":
  "integrity" "sha512-FQN4MRfuJeHf7cBbBMJFXhKSDq+2kAArBlmRBvcvFE5BB1HZKXtSFASDhdlz9zOYwxh8lDdnvmMOe/+5cdoEdg=="
  "resolved" "https://registry.npmmirror.com/combined-stream/-/combined-stream-1.0.8.tgz"
  "version" "1.0.8"
  dependencies:
    "delayed-stream" "~1.0.0"

"create-keyframe-animation@^0.1.0":
  "integrity" "sha512-fuvKe8YpaX3OWgPDMJLfupqq7ibIXS8oDqqgbTNCbPa373y9KWNJK5qhDdiFYda/uCqXPON4Layi3xIT6+H//A=="
  "resolved" "https://registry.npmmirror.com/create-keyframe-animation/-/create-keyframe-animation-0.1.0.tgz"
  "version" "0.1.0"
  dependencies:
    "load-styles" "^2.0.0"
    "lodash.defaults" "^3.1.2"
    "native-promisify-if-present" "^1.0.1"
    "prefixed-event" "^1.0.4"
    "transform-property" "0.0.1"

"csstype@^2.6.8":
  "integrity" "sha512-/WwNkdXfckNgw6S5R125rrW8ez139lBHWouiBvX8dfMFtcn6V81REDqnH7+CRpRipfYlyU1CmOnOxrmGcFOjeA=="
  "resolved" "https://registry.npmmirror.com/csstype/-/csstype-2.6.20.tgz"
  "version" "2.6.20"

"delayed-stream@~1.0.0":
  "integrity" "sha512-ZySD7Nf91aLB0RxL4KGrKHBXl7Eds1DAmEdcoVawXnLD7SDhpNgtuII2aAkg7a7QS41jxPSZ17p4VdGnMHk3MQ=="
  "resolved" "https://registry.npmmirror.com/delayed-stream/-/delayed-stream-1.0.0.tgz"
  "version" "1.0.0"

"esbuild-windows-64@0.14.53":
  "integrity" "sha512-s9skQFF0I7zqnQ2K8S1xdLSfZFsPLuOGmSx57h2btSEswv0N0YodYvqLcJMrNMXh6EynOmWD7rz+0rWWbFpIHQ=="
  "resolved" "https://registry.npmmirror.com/esbuild-windows-64/-/esbuild-windows-64-0.14.53.tgz"
  "version" "0.14.53"

"esbuild@^0.14.47":
  "integrity" "sha512-ohO33pUBQ64q6mmheX1mZ8mIXj8ivQY/L4oVuAshr+aJI+zLl+amrp3EodrUNDNYVrKJXGPfIHFGhO8slGRjuw=="
  "resolved" "https://registry.npmmirror.com/esbuild/-/esbuild-0.14.53.tgz"
  "version" "0.14.53"
  optionalDependencies:
    "@esbuild/linux-loong64" "0.14.53"
    "esbuild-android-64" "0.14.53"
    "esbuild-android-arm64" "0.14.53"
    "esbuild-darwin-64" "0.14.53"
    "esbuild-darwin-arm64" "0.14.53"
    "esbuild-freebsd-64" "0.14.53"
    "esbuild-freebsd-arm64" "0.14.53"
    "esbuild-linux-32" "0.14.53"
    "esbuild-linux-64" "0.14.53"
    "esbuild-linux-arm" "0.14.53"
    "esbuild-linux-arm64" "0.14.53"
    "esbuild-linux-mips64le" "0.14.53"
    "esbuild-linux-ppc64le" "0.14.53"
    "esbuild-linux-riscv64" "0.14.53"
    "esbuild-linux-s390x" "0.14.53"
    "esbuild-netbsd-64" "0.14.53"
    "esbuild-openbsd-64" "0.14.53"
    "esbuild-sunos-64" "0.14.53"
    "esbuild-windows-32" "0.14.53"
    "esbuild-windows-64" "0.14.53"
    "esbuild-windows-arm64" "0.14.53"

"estree-walker@^2.0.2":
  "integrity" "sha512-Rfkk/Mp/DL7JVje3u18FxFujQlTNR2q6QfMSMB7AvCBx91NGj/ba3kCfza0f6dVDbw7YlRf/nDrn7pQrCCyQ/w=="
  "resolved" "https://registry.npmmirror.com/estree-walker/-/estree-walker-2.0.2.tgz"
  "version" "2.0.2"

"fill-range@^7.0.1":
  "integrity" "sha512-qOo9F+dMUmC2Lcb4BbVvnKJxTPjCm+RRpe4gDuGrzkL7mEVl/djYSu2OdQ2Pa302N4oqkSg9ir6jaLWJ2USVpQ=="
  "resolved" "https://registry.npmmirror.com/fill-range/-/fill-range-7.0.1.tgz"
  "version" "7.0.1"
  dependencies:
    "to-regex-range" "^5.0.1"

"follow-redirects@^1.14.9":
  "integrity" "sha512-yLAMQs+k0b2m7cVxpS1VKJVvoz7SS9Td1zss3XRwXj+ZDH00RJgnuLx7E44wx02kQLrdM3aOOy+FpzS7+8OizA=="
  "resolved" "https://registry.npmmirror.com/follow-redirects/-/follow-redirects-1.15.1.tgz"
  "version" "1.15.1"

"form-data@^4.0.0":
  "integrity" "sha512-ETEklSGi5t0QMZuiXoA/Q6vcnxcLQP5vdugSpuAyi6SVGi2clPPp+xgEhuMaHC+zGgn31Kd235W35f7Hykkaww=="
  "resolved" "https://registry.npmmirror.com/form-data/-/form-data-4.0.0.tgz"
  "version" "4.0.0"
  dependencies:
    "asynckit" "^0.4.0"
    "combined-stream" "^1.0.8"
    "mime-types" "^2.1.12"

"function-bind@^1.1.1":
  "integrity" "sha512-yIovAzMX49sF8Yl58fSCWJ5svSLuaibPxXQJFLmBObTuCr0Mf1KiPopGM9NiFjiYBCbfaa2Fh6breQ6ANVTI0A=="
  "resolved" "https://registry.npmmirror.com/function-bind/-/function-bind-1.1.1.tgz"
  "version" "1.1.1"

"glob-parent@~5.1.2":
  "integrity" "sha512-AOIgSQCepiJYwP3ARnGx+5VnTu2HBYdzbGP45eLw1vr3zB3vZLeyed1sC9hnbcOc9/SrMyM5RPQrkGz4aS9Zow=="
  "resolved" "https://registry.npmmirror.com/glob-parent/-/glob-parent-5.1.2.tgz"
  "version" "5.1.2"
  dependencies:
    "is-glob" "^4.0.1"

"has@^1.0.3":
  "integrity" "sha512-f2dvO0VU6Oej7RkWJGrehjbzMAjFp5/VKPp5tTpWIV4JHHZK1/BxbFRtf/siA2SWTe09caDmVtYYzWEIbBS4zw=="
  "resolved" "https://registry.npmmirror.com/has/-/has-1.0.3.tgz"
  "version" "1.0.3"
  dependencies:
    "function-bind" "^1.1.1"

"immutable@^4.0.0":
  "integrity" "sha512-oNkuqVTA8jqG1Q6c+UglTOD1xhC1BtjKI7XkCXRkZHrN5m18/XsnUp8Q89GkQO/z+0WjonSvl0FLhDYftp46nQ=="
  "resolved" "https://registry.npmmirror.com/immutable/-/immutable-4.1.0.tgz"
  "version" "4.1.0"

"is-binary-path@~2.1.0":
  "integrity" "sha512-ZMERYes6pDydyuGidse7OsHxtbI7WVeUEozgR/g7rd0xUimYNlvZRE/K2MgZTjWy725IfelLeVcEM97mmtRGXw=="
  "resolved" "https://registry.npmmirror.com/is-binary-path/-/is-binary-path-2.1.0.tgz"
  "version" "2.1.0"
  dependencies:
    "binary-extensions" "^2.0.0"

"is-core-module@^2.9.0":
  "integrity" "sha512-+5FPy5PnwmO3lvfMb0AsoPaBG+5KHUI0wYFXOtYPnVVVspTFUuMZNfNaNVRt3FZadstu2c8x23vykRW/NBoU6A=="
  "resolved" "https://registry.npmmirror.com/is-core-module/-/is-core-module-2.9.0.tgz"
  "version" "2.9.0"
  dependencies:
    "has" "^1.0.3"

"is-extglob@^2.1.1":
  "integrity" "sha512-SbKbANkN603Vi4jEZv49LeVJMn4yGwsbzZworEoyEiutsN3nJYdbO36zfhGJ6QEDpOZIFkDtnq5JRxmvl3jsoQ=="
  "resolved" "https://registry.npmmirror.com/is-extglob/-/is-extglob-2.1.1.tgz"
  "version" "2.1.1"

"is-function@^1.0.1":
  "integrity" "sha512-lw7DUp0aWXYg+CBCN+JKkcE0Q2RayZnSvnZBlwgxHBQhqt5pZNVy4Ri7H9GmmXkdu7LUthszM+Tor1u/2iBcpQ=="
  "resolved" "https://registry.npmmirror.com/is-function/-/is-function-1.0.2.tgz"
  "version" "1.0.2"

"is-glob@^4.0.1", "is-glob@~4.0.1":
  "integrity" "sha512-xelSayHH36ZgE7ZWhli7pW34hNbNl8Ojv5KVmkJD4hBdD3th8Tfk9vYasLM+mXWOZhFkgZfxhLSnrwRr4elSSg=="
  "resolved" "https://registry.npmmirror.com/is-glob/-/is-glob-4.0.3.tgz"
  "version" "4.0.3"
  dependencies:
    "is-extglob" "^2.1.1"

"is-number@^7.0.0":
  "integrity" "sha512-41Cifkg6e8TylSpdtTpeLVMqvSBEVzTttHvERD741+pnZ8ANv0004MRL43QKPDlK9cGvNp6NZWZUBlbGXYxxng=="
  "resolved" "https://registry.npmmirror.com/is-number/-/is-number-7.0.0.tgz"
  "version" "7.0.0"

"load-styles@^2.0.0":
  "integrity" "sha512-bKtTRlB+V8jij88ZoX73whwAbme5VQfmNPiK9KWDSyYevZgy3uwivIPBeM9w5+nyhA2BFFyWMSqPNola9MSn+A=="
  "resolved" "https://registry.npmmirror.com/load-styles/-/load-styles-2.0.0.tgz"
  "version" "2.0.0"

"lodash._baseassign@^3.0.0":
  "integrity" "sha512-t3N26QR2IdSN+gqSy9Ds9pBu/J1EAFEshKlUHpJG3rvyJOYgcELIxcIeKKfZk7sjOz11cFfzJRsyFry/JyabJQ=="
  "resolved" "https://registry.npmmirror.com/lodash._baseassign/-/lodash._baseassign-3.2.0.tgz"
  "version" "3.2.0"
  dependencies:
    "lodash._basecopy" "^3.0.0"
    "lodash.keys" "^3.0.0"

"lodash._basecopy@^3.0.0":
  "integrity" "sha512-rFR6Vpm4HeCK1WPGvjZSJ+7yik8d8PVUdCJx5rT2pogG4Ve/2ZS7kfmO5l5T2o5V2mqlNIfSF5MZlr1+xOoYQQ=="
  "resolved" "https://registry.npmmirror.com/lodash._basecopy/-/lodash._basecopy-3.0.1.tgz"
  "version" "3.0.1"

"lodash._bindcallback@^3.0.0":
  "integrity" "sha512-2wlI0JRAGX8WEf4Gm1p/mv/SZ+jLijpj0jyaE/AXeuQphzCgD8ZQW4oSpoN8JAopujOFGU3KMuq7qfHBWlGpjQ=="
  "resolved" "https://registry.npmmirror.com/lodash._bindcallback/-/lodash._bindcallback-3.0.1.tgz"
  "version" "3.0.1"

"lodash._createassigner@^3.0.0":
  "integrity" "sha512-LziVL7IDnJjQeeV95Wvhw6G28Z8Q6da87LWKOPWmzBLv4u6FAT/x5v00pyGW0u38UoogNF2JnD3bGgZZDaNEBw=="
  "resolved" "https://registry.npmmirror.com/lodash._createassigner/-/lodash._createassigner-3.1.1.tgz"
  "version" "3.1.1"
  dependencies:
    "lodash._bindcallback" "^3.0.0"
    "lodash._isiterateecall" "^3.0.0"
    "lodash.restparam" "^3.0.0"

"lodash._getnative@^3.0.0":
  "integrity" "sha512-RrL9VxMEPyDMHOd9uFbvMe8X55X16/cGM5IgOKgRElQZutpX89iS6vwl64duTV1/16w5JY7tuFNXqoekmh1EmA=="
  "resolved" "https://registry.npmmirror.com/lodash._getnative/-/lodash._getnative-3.9.1.tgz"
  "version" "3.9.1"

"lodash._isiterateecall@^3.0.0":
  "integrity" "sha512-De+ZbrMu6eThFti/CSzhRvTKMgQToLxbij58LMfM8JnYDNSOjkjTCIaa8ixglOeGh2nyPlakbt5bJWJ7gvpYlQ=="
  "resolved" "https://registry.npmmirror.com/lodash._isiterateecall/-/lodash._isiterateecall-3.0.9.tgz"
  "version" "3.0.9"

"lodash.assign@^3.0.0":
  "integrity" "sha512-/VVxzgGBmbphasTg51FrztxQJ/VgAUpol6zmJuSVSGcNg4g7FA4z7rQV8Ovr9V3vFBNWZhvKWHfpAytjTVUfFA=="
  "resolved" "https://registry.npmmirror.com/lodash.assign/-/lodash.assign-3.2.0.tgz"
  "version" "3.2.0"
  dependencies:
    "lodash._baseassign" "^3.0.0"
    "lodash._createassigner" "^3.0.0"
    "lodash.keys" "^3.0.0"

"lodash.defaults@^3.1.2":
  "integrity" "sha512-X7135IXFQt5JDFnYxOVAzVz+kFvwDn3N8DJYf+nrz/mMWEuSu7+OL6rWqsk3+VR1T4TejFCSu5isBJOLSID2bg=="
  "resolved" "https://registry.npmmirror.com/lodash.defaults/-/lodash.defaults-3.1.2.tgz"
  "version" "3.1.2"
  dependencies:
    "lodash.assign" "^3.0.0"
    "lodash.restparam" "^3.0.0"

"lodash.isarguments@^3.0.0":
  "integrity" "sha512-chi4NHZlZqZD18a0imDHnZPrDeBbTtVN7GXMwuGdRH9qotxAjYs3aVLKc7zNOG9eddR5Ksd8rvFEBc9SsggPpg=="
  "resolved" "https://registry.npmmirror.com/lodash.isarguments/-/lodash.isarguments-3.1.0.tgz"
  "version" "3.1.0"

"lodash.isarray@^3.0.0":
  "integrity" "sha512-JwObCrNJuT0Nnbuecmqr5DgtuBppuCvGD9lxjFpAzwnVtdGoDQ1zig+5W8k5/6Gcn0gZ3936HDAlGd28i7sOGQ=="
  "resolved" "https://registry.npmmirror.com/lodash.isarray/-/lodash.isarray-3.0.4.tgz"
  "version" "3.0.4"

"lodash.keys@^3.0.0":
  "integrity" "sha512-CuBsapFjcubOGMn3VD+24HOAPxM79tH+V6ivJL3CHYjtrawauDJHUk//Yew9Hvc6e9rbCrURGk8z6PC+8WJBfQ=="
  "resolved" "https://registry.npmmirror.com/lodash.keys/-/lodash.keys-3.1.2.tgz"
  "version" "3.1.2"
  dependencies:
    "lodash._getnative" "^3.0.0"
    "lodash.isarguments" "^3.0.0"
    "lodash.isarray" "^3.0.0"

"lodash.restparam@^3.0.0":
  "integrity" "sha512-L4/arjjuq4noiUJpt3yS6KIKDtJwNe2fIYgMqyYYKoeIfV1iEqvPwhCx23o+R9dzouGihDAPN1dTIRWa7zk8tw=="
  "resolved" "https://registry.npmmirror.com/lodash.restparam/-/lodash.restparam-3.6.1.tgz"
  "version" "3.6.1"

"lyric-parser@^1.0.1":
  "integrity" "sha512-klGkA3gsKMyHENefKj1OnbscWRAxvxNsYNuxgmSIQg6KqVx/HnTrfcD/gNP74XBcu7HSh+kGhCjetPlH91OtFA=="
  "resolved" "https://registry.npmmirror.com/lyric-parser/-/lyric-parser-1.0.1.tgz"
  "version" "1.0.1"

"magic-string@^0.25.7":
  "integrity" "sha512-RmF0AsMzgt25qzqqLc1+MbHmhdx0ojF2Fvs4XnOqz2ZOBXzzkEwc/dJQZCYHAn7v1jbVOjAZfK8msRn4BxO4VQ=="
  "resolved" "https://registry.npmmirror.com/magic-string/-/magic-string-0.25.9.tgz"
  "version" "0.25.9"
  dependencies:
    "sourcemap-codec" "^1.4.8"

"mime-db@1.52.0":
  "integrity" "sha512-sPU4uV7dYlvtWJxwwxHD0PuihVNiE7TyAbQ5SWxDCB9mUYvOgroQOwYQQOKPJ8CIbE+1ETVlOoK1UC2nU3gYvg=="
  "resolved" "https://registry.npmmirror.com/mime-db/-/mime-db-1.52.0.tgz"
  "version" "1.52.0"

"mime-types@^2.1.12":
  "integrity" "sha512-ZDY+bPm5zTTF+YpCrAU9nK0UgICYPT0QtT1NZWFv4s++TNkcgVaT0g6+4R2uI4MjQjzysHB1zxuWL50hzaeXiw=="
  "resolved" "https://registry.npmmirror.com/mime-types/-/mime-types-2.1.35.tgz"
  "version" "2.1.35"
  dependencies:
    "mime-db" "1.52.0"

"nanoid@^3.3.4":
  "integrity" "sha512-MqBkQh/OHTS2egovRtLk45wEyNXwF+cokD+1YPf9u5VfJiRdAiRwB2froX5Co9Rh20xs4siNPm8naNotSD6RBw=="
  "resolved" "https://registry.npmmirror.com/nanoid/-/nanoid-3.3.4.tgz"
  "version" "3.3.4"

"native-promisify-if-present@^1.0.1":
  "integrity" "sha512-9Lavi0L5wqJVpY9aj8VefK5j0G5HG5gi1wjIbw7HpQKwpTtX8J07gwVXwe6lsgwVS19LVVXwlKxSOqnpZAq2sw=="
  "resolved" "https://registry.npmmirror.com/native-promisify-if-present/-/native-promisify-if-present-1.0.1.tgz"
  "version" "1.0.1"
  dependencies:
    "is-function" "^1.0.1"

"normalize-path@^3.0.0", "normalize-path@~3.0.0":
  "integrity" "sha512-6eZs5Ls3WtCisHWp9S2GUy8dqkpGi4BVSz3GaqiE6ezub0512ESztXUwUB6C6IKbQkY2Pnb/mD4WYojCRwcwLA=="
  "resolved" "https://registry.npmmirror.com/normalize-path/-/normalize-path-3.0.0.tgz"
  "version" "3.0.0"

"path-parse@^1.0.7":
  "integrity" "sha512-LDJzPVEEEPR+y48z93A0Ed0yXb8pAByGWo/k5YYdYgpY2/2EsOsksJrq7lOHxryrVOn1ejG6oAp8ahvOIQD8sw=="
  "resolved" "https://registry.npmmirror.com/path-parse/-/path-parse-1.0.7.tgz"
  "version" "1.0.7"

"picocolors@^1.0.0":
  "integrity" "sha512-1fygroTLlHu66zi26VoTDv8yRgm0Fccecssto+MhsZ0D/DGW2sm8E8AjW7NU5VVTRt5GxbeZ5qBuJr+HyLYkjQ=="
  "resolved" "https://registry.npmmirror.com/picocolors/-/picocolors-1.0.0.tgz"
  "version" "1.0.0"

"picomatch@^2.0.4", "picomatch@^2.2.1":
  "integrity" "sha512-JU3teHTNjmE2VCGFzuY8EXzCDVwEqB2a8fsIvwaStHhAWJEeVd1o1QD80CU6+ZdEXXSLbSsuLwJjkCBWqRQUVA=="
  "resolved" "https://registry.npmmirror.com/picomatch/-/picomatch-2.3.1.tgz"
  "version" "2.3.1"

"pinia@^2.0.17":
  "integrity" "sha512-AtwLwEWQgIjofjgeFT+nxbnK5lT2QwQjaHNEDqpsi2AiCwf/NY78uWTeHUyEhiiJy8+sBmw0ujgQMoQbWiZDfA=="
  "resolved" "https://registry.npmmirror.com/pinia/-/pinia-2.0.17.tgz"
  "version" "2.0.17"
  dependencies:
    "@vue/devtools-api" "^6.2.1"
    "vue-demi" "*"

"postcss@^8.1.10", "postcss@^8.4.14":
  "integrity" "sha512-E398TUmfAYFPBSdzgeieK2Y1+1cpdxJx8yXbK/m57nRhKSmk1GB2tO4lbLBtlkfPQTDKfe4Xqv1ASWPpayPEig=="
  "resolved" "https://registry.npmmirror.com/postcss/-/postcss-8.4.14.tgz"
  "version" "8.4.14"
  dependencies:
    "nanoid" "^3.3.4"
    "picocolors" "^1.0.0"
    "source-map-js" "^1.0.2"

"prefixed-event@^1.0.4":
  "integrity" "sha512-gmBGWNF8BF/Gr/gE6CFWvSh3YvNXeoEgeMWLHvR6MKpUFNsiTTozydrbCh46FB1ot3mEhykN/9TkuQbtakEFzA=="
  "resolved" "https://registry.npmmirror.com/prefixed-event/-/prefixed-event-1.0.4.tgz"
  "version" "1.0.4"

"readdirp@~3.6.0":
  "integrity" "sha512-hOS089on8RduqdbhvQ5Z37A0ESjsqz6qnRcffsMU3495FuTdqSm+7bhJ29JvIOsBDEEnan5DPu9t3To9VRlMzA=="
  "resolved" "https://registry.npmmirror.com/readdirp/-/readdirp-3.6.0.tgz"
  "version" "3.6.0"
  dependencies:
    "picomatch" "^2.2.1"

"resolve@^1.22.1":
  "integrity" "sha512-nBpuuYuY5jFsli/JIs1oldw6fOQCBioohqWZg/2hiaOybXOft4lonv85uDOKXdf8rhyK159cxU5cDcK/NKk8zw=="
  "resolved" "https://registry.npmmirror.com/resolve/-/resolve-1.22.1.tgz"
  "version" "1.22.1"
  dependencies:
    "is-core-module" "^2.9.0"
    "path-parse" "^1.0.7"
    "supports-preserve-symlinks-flag" "^1.0.0"

"rollup@^2.75.6":
  "integrity" "sha512-m/4YzYgLcpMQbxX3NmAqDvwLATZzxt8bIegO78FZLl+lAgKJBd1DRAOeEiZcKOIOPjxE6ewHWHNgGEalFXuz1g=="
  "resolved" "https://registry.npmmirror.com/rollup/-/rollup-2.77.2.tgz"
  "version" "2.77.2"
  optionalDependencies:
    "fsevents" "~2.3.2"

"sass@*", "sass@^1.54.2":
  "integrity" "sha512-wbVV26sejsCIbBScZZtNkvnrB/bVCQ8hSlZ01D9nzsVh9zLqCkWrlpvTb3YEb6xsuNi9cx75hncqwikHFSz7tw=="
  "resolved" "https://registry.npmmirror.com/sass/-/sass-1.54.2.tgz"
  "version" "1.54.2"
  dependencies:
    "chokidar" ">=3.0.0 <4.0.0"
    "immutable" "^4.0.0"
    "source-map-js" ">=0.6.2 <2.0.0"

"source-map-js@^1.0.2", "source-map-js@>=0.6.2 <2.0.0":
  "integrity" "sha512-R0XvVJ9WusLiqTCEiGCmICCMplcCkIwwR11mOSD9CR5u+IXYdiseeEuXCVAjS54zqwkLcPNnmU4OeJ6tUrWhDw=="
  "resolved" "https://registry.npmmirror.com/source-map-js/-/source-map-js-1.0.2.tgz"
  "version" "1.0.2"

"source-map@^0.6.1":
  "integrity" "sha512-UjgapumWlbMhkBgzT7Ykc5YXUT46F0iKu8SGXq0bcwP5dz/h0Plj6enJqjz1Zbq2l5WaqYnrVbwWOWMyF3F47g=="
  "resolved" "https://registry.npmmirror.com/source-map/-/source-map-0.6.1.tgz"
  "version" "0.6.1"

"sourcemap-codec@^1.4.8":
  "integrity" "sha512-9NykojV5Uih4lgo5So5dtw+f0JgJX30KCNI8gwhz2J9A15wD0Ml6tjHKwf6fTSa6fAdVBdZeNOs9eJ71qCk8vA=="
  "resolved" "https://registry.npmmirror.com/sourcemap-codec/-/sourcemap-codec-1.4.8.tgz"
  "version" "1.4.8"

"supports-preserve-symlinks-flag@^1.0.0":
  "integrity" "sha512-ot0WnXS9fgdkgIcePe6RHNk1WA8+muPa6cSjeR3V8K27q9BB1rTE3R1p7Hv0z1ZyAc8s6Vvv8DIyWf681MAt0w=="
  "resolved" "https://registry.npmmirror.com/supports-preserve-symlinks-flag/-/supports-preserve-symlinks-flag-1.0.0.tgz"
  "version" "1.0.0"

"throttle-debounce@^5.0.0":
  "integrity" "sha512-2iQTSgkkc1Zyk0MeVrt/3BvuOXYPl/R8Z0U2xxo9rjwNciaHDG3R+Lm6dh4EeUci49DanvBnuqI6jshoQQRGEg=="
  "resolved" "https://registry.npmmirror.com/throttle-debounce/-/throttle-debounce-5.0.0.tgz"
  "version" "5.0.0"

"to-regex-range@^5.0.1":
  "integrity" "sha512-65P7iz6X5yEr1cwcgvQxbbIw7Uk3gOy5dIdtZ4rDveLqhrdJP+Li/Hx6tyK0NEb+2GCyneCMJiGqrADCSNk8sQ=="
  "resolved" "https://registry.npmmirror.com/to-regex-range/-/to-regex-range-5.0.1.tgz"
  "version" "5.0.1"
  dependencies:
    "is-number" "^7.0.0"

"transform-property@0.0.1":
  "integrity" "sha512-L0nMJCwu3/Lpd5t/pRQl+JoYU5V0sYubcn30yWZnHG0HjC6Gdr/Eg/bun1OixYPmsEZdA7Khbq2jiSIjzlEv6Q=="
  "resolved" "https://registry.npmmirror.com/transform-property/-/transform-property-0.0.1.tgz"
  "version" "0.0.1"

"typescript@*", "typescript@^4.6.4", "typescript@>=4.4.4":
  "integrity" "sha512-C0WQT0gezHuw6AdY1M2jxUO83Rjf0HP7Sk1DtXj6j1EwkQNZrHAg2XPWlq62oqEhYvONq5pkC2Y9oPljWToLmQ=="
  "resolved" "https://registry.npmmirror.com/typescript/-/typescript-4.7.4.tgz"
  "version" "4.7.4"

"vite-plugin-vue-setup-extend@^0.4.0":
  "integrity" "sha512-WMbjPCui75fboFoUTHhdbXzu4Y/bJMv5N9QT9a7do3wNMNHHqrk+Tn2jrSJU0LS5fGl/EG+FEDBYVUeWIkDqXQ=="
  "resolved" "https://registry.npmmirror.com/vite-plugin-vue-setup-extend/-/vite-plugin-vue-setup-extend-0.4.0.tgz"
  "version" "0.4.0"
  dependencies:
    "@vue/compiler-sfc" "^3.2.29"
    "magic-string" "^0.25.7"

"vite@^3.0.0", "vite@>=2.0.0":
  "integrity" "sha512-NU304nqnBeOx2MkQnskBQxVsa0pRAH5FphokTGmyy8M3oxbvw7qAXts2GORxs+h/2vKsD+osMhZ7An6yK6F1dA=="
  "resolved" "https://registry.npmmirror.com/vite/-/vite-3.0.4.tgz"
  "version" "3.0.4"
  dependencies:
    "esbuild" "^0.14.47"
    "postcss" "^8.4.14"
    "resolve" "^1.22.1"
    "rollup" "^2.75.6"
  optionalDependencies:
    "fsevents" "~2.3.2"

"vue-demi@*":
  "integrity" "sha512-02NYpxgyGE2kKGegRPYlNQSL1UWfA/+JqvzhGCOYjhfbLWXU5QQX0+9pAm/R2sCOPKr5NBxVIab7fvFU0B1RxQ=="
  "resolved" "https://registry.npmmirror.com/vue-demi/-/vue-demi-0.13.6.tgz"
  "version" "0.13.6"

"vue-router@^4.1.3":
  "integrity" "sha512-XvK81bcYglKiayT7/vYAg/f36ExPC4t90R/HIpzrZ5x+17BOWptXLCrEPufGgZeuq68ww4ekSIMBZY1qdUdfjA=="
  "resolved" "https://registry.npmmirror.com/vue-router/-/vue-router-4.1.3.tgz"
  "version" "4.1.3"
  dependencies:
    "@vue/devtools-api" "^6.1.4"

"vue-tsc@^0.38.4":
  "integrity" "sha512-Yoy5phgvGqyF98Fb4mYqboR4Q149jrdcGv5kSmufXJUq++RZJ2iMVG0g6zl+v3t4ORVWkQmRpsV4x2szufZ0LQ=="
  "resolved" "https://registry.npmmirror.com/vue-tsc/-/vue-tsc-0.38.9.tgz"
  "version" "0.38.9"
  dependencies:
    "@volar/vue-typescript" "0.38.9"

"vue@^2.6.14 || ^3.2.0", "vue@^3.0.0-0 || ^2.6.0", "vue@^3.0.0-alpha.9", "vue@^3.2.0", "vue@^3.2.25", "vue@^3.2.37", "vue@3.2.37":
  "integrity" "sha512-bOKEZxrm8Eh+fveCqS1/NkG/n6aMidsI6hahas7pa0w/l7jkbssJVsRhVDs07IdDq7h9KHswZOgItnwJAgtVtQ=="
  "resolved" "https://registry.npmmirror.com/vue/-/vue-3.2.37.tgz"
  "version" "3.2.37"
  dependencies:
    "@vue/compiler-dom" "3.2.37"
    "@vue/compiler-sfc" "3.2.37"
    "@vue/runtime-dom" "3.2.37"
    "@vue/server-renderer" "3.2.37"
    "@vue/shared" "3.2.37"

"vue3-lazy@^1.0.0-alpha.1":
  "integrity" "sha512-dpjpKK4DC5q+wZVtS/VY3X6pYBJHxRmYanr20s39RB6o6fvbneQ/DNuz37bipYfEdrEvbSZ95Y2SCexuznQNrQ=="
  "resolved" "https://registry.npmmirror.com/vue3-lazy/-/vue3-lazy-1.0.0-alpha.1.tgz"
  "version" "1.0.0-alpha.1"
